
Microsoft Visual Studio Solution File, Format Version 12.00
# Visual Studio Version 17
VisualStudioVersion = 17.0.31903.59
MinimumVisualStudioVersion = 10.0.40219.1
Project("{FAE04EC0-301F-11D3-BF4B-00C04F79EFBC}") = "TelegramWebApplication.Infrastructure", "TelegramWebApplication.Infrastructure\TelegramWebApplication.Infrastructure.csproj", "{9A9CA747-E087-4C04-98B4-2EF5F7A2BB19}"
EndProject
Project("{FAE04EC0-301F-11D3-BF4B-00C04F79EFBC}") = "TelegramWebApplication.Core", "TelegramWebApplication.Core\TelegramWebApplication.Core.csproj", "{BDB32843-03D7-4246-8766-5DC2FDB923BC}"
EndProject
Project("{2150E333-8FDC-42A3-9474-1A3956D46DE8}") = "src", "src", "{BC852572-BFDD-40B3-B793-547044ECE0E9}"
EndProject
Global
	GlobalSection(SolutionConfigurationPlatforms) = preSolution
		Debug|Any CPU = Debug|Any CPU
		Release|Any CPU = Release|Any CPU
	EndGlobalSection
	GlobalSection(SolutionProperties) = preSolution
		HideSolutionNode = FALSE
	EndGlobalSection
	GlobalSection(ProjectConfigurationPlatforms) = postSolution
		{9A9CA747-E087-4C04-98B4-2EF5F7A2BB19}.Debug|Any CPU.ActiveCfg = Debug|Any CPU
		{9A9CA747-E087-4C04-98B4-2EF5F7A2BB19}.Debug|Any CPU.Build.0 = Debug|Any CPU
		{9A9CA747-E087-4C04-98B4-2EF5F7A2BB19}.Release|Any CPU.ActiveCfg = Release|Any CPU
		{9A9CA747-E087-4C04-98B4-2EF5F7A2BB19}.Release|Any CPU.Build.0 = Release|Any CPU
		{BDB32843-03D7-4246-8766-5DC2FDB923BC}.Debug|Any CPU.ActiveCfg = Debug|Any CPU
		{BDB32843-03D7-4246-8766-5DC2FDB923BC}.Debug|Any CPU.Build.0 = Debug|Any CPU
		{BDB32843-03D7-4246-8766-5DC2FDB923BC}.Release|Any CPU.ActiveCfg = Release|Any CPU
		{BDB32843-03D7-4246-8766-5DC2FDB923BC}.Release|Any CPU.Build.0 = Release|Any CPU
	EndGlobalSection
	GlobalSection(NestedProjects) = preSolution
		{9A9CA747-E087-4C04-98B4-2EF5F7A2BB19} = {BC852572-BFDD-40B3-B793-547044ECE0E9}
		{BDB32843-03D7-4246-8766-5DC2FDB923BC} = {BC852572-BFDD-40B3-B793-547044ECE0E9}
	EndGlobalSection
EndGlobal
